{
  "nodes": {
    "nixpkgs": {
      "locked": {
        "lastModified": 1772647924,
        "narHash": "sha256-3rF7mrOZLF4voRKrt6ie/MAZ2ECXg6V2PguaHNe8nSY=",
        "owner": "nixos",
        "repo": "nixpkgs",
        "rev": "fcbe86d61cb87d1697dff78a10bded04e2c58fe1",
        "type": "github"
      },
      "original": {
        "owner": "nixos",
        "ref": "nixos-unstable-small",
        "repo": "nixpkgs",
        "type": "github"
      }
    },
    "root": {
      "inputs": {
        "nixpkgs": "nixpkgs",
        "systems": "systems"
      }
    },
    "systems": {
      "locked": {
        "lastModified": 1681028828,
        "narHash": "sha256-Vy1rq5AaRuLzOxct8nz4T6wlgyUR7zLU309k9mBC768=",
        "owner": "nix-systems",
        "repo": "default",
        "rev": "da67096a3b9bf56a91d16901293e51ba5b49a27e",
        "type": "github"
      },
      "original": {
        "owner": "nix-systems",
        "repo": "default",
        "type": "github"
      }
    }
  },
  "root": "root",
  "version": 7
}
